
Microsoft Visual Studio Solution File, Format Version 12.00
# Visual Studio Version 17
VisualStudioVersion = 17.5.33530.505
MinimumVisualStudioVersion = 10.0.40219.1
Project("{FAE04EC0-301F-11D3-BF4B-00C04F79EFBC}") = "Email_Sample", "Email_Sample\Email_Sample.csproj", "{D2A7369B-6E60-42AF-9C10-3DD43DFE19E7}"
EndProject
Global
	GlobalSection(SolutionConfigurationPlatforms) = preSolution
		Debug|Any CPU = Debug|Any CPU
		Release|Any CPU = Release|Any CPU
	EndGlobalSection
	GlobalSection(ProjectConfigurationPlatforms) = postSolution
		{D2A7369B-6E60-42AF-9C10-3DD43DFE19E7}.Debug|Any CPU.ActiveCfg = Debug|Any CPU
		{D2A7369B-6E60-42AF-9C10-3DD43DFE19E7}.Debug|Any CPU.Build.0 = Debug|Any CPU
		{D2A7369B-6E60-42AF-9C10-3DD43DFE19E7}.Release|Any CPU.ActiveCfg = Release|Any CPU
		{D2A7369B-6E60-42AF-9C10-3DD43DFE19E7}.Release|Any CPU.Build.0 = Release|Any CPU
	EndGlobalSection
	GlobalSection(SolutionProperties) = preSolution
		HideSolutionNode = FALSE
	EndGlobalSection
	GlobalSection(ExtensibilityGlobals) = postSolution
		SolutionGuid = {68861A06-ECD9-4D51-A92F-59161237BDB4}
	EndGlobalSection
EndGlobal
